// !$*UTF8*$!
{
	archiveVersion = 1;
	classes = {
	};
	objectVersion = 56;
	objects = {

/* Begin PBXBuildFile section */
		869E16CB29ECEC6A00E5AA97 /* AlarmObject.swift in Sources */ = {isa = PBXBuildFile; fileRef = 869E16CA29ECEC6A00E5AA97 /* AlarmObject.swift */; };
		869E16CD29ED222800E5AA97 /* WeekdayHelper.swift in Sources */ = {isa = PBXBuildFile; fileRef = 869E16CC29ED222800E5AA97 /* WeekdayHelper.swift */; };
		869E16CF29ED286700E5AA97 /* WeekdayPickerView.swift in Sources */ = {isa = PBXBuildFile; fileRef = 869E16CE29ED286700E5AA97 /* WeekdayPickerView.swift */; };
		86B8EAA929E69FA600760EBF /* WeatherRiseApp.swift in Sources */ = {isa = PBXBuildFile; fileRef = 86B8EAA829E69FA600760EBF /* WeatherRiseApp.swift */; };
		86B8EAAB29E69FA600760EBF /* ContentView.swift in Sources */ = {isa = PBXBuildFile; fileRef = 86B8EAAA29E69FA600760EBF /* ContentView.swift */; };
		86B8EAAD29E69FA800760EBF /* Assets.xcassets in Resources */ = {isa = PBXBuildFile; fileRef = 86B8EAAC29E69FA800760EBF /* Assets.xcassets */; };
		86B8EAB129E69FA800760EBF /* Preview Assets.xcassets in Resources */ = {isa = PBXBuildFile; fileRef = 86B8EAB029E69FA800760EBF /* Preview Assets.xcassets */; };
		86B8EABB29E69FA800760EBF /* WeatherRiseTests.swift in Sources */ = {isa = PBXBuildFile; fileRef = 86B8EABA29E69FA800760EBF /* WeatherRiseTests.swift */; };
		86B8EAC529E69FA800760EBF /* WeatherRiseUITests.swift in Sources */ = {isa = PBXBuildFile; fileRef = 86B8EAC429E69FA800760EBF /* WeatherRiseUITests.swift */; };
		86B8EAC729E69FA800760EBF /* WeatherRiseUITestsLaunchTests.swift in Sources */ = {isa = PBXBuildFile; fileRef = 86B8EAC629E69FA800760EBF /* WeatherRiseUITestsLaunchTests.swift */; };
		86B8EAD529E6ADFB00760EBF /* LocationManager.swift in Sources */ = {isa = PBXBuildFile; fileRef = 86B8EAD429E6ADFB00760EBF /* LocationManager.swift */; };
		86B8EAE229E7F88900760EBF /* WeatherRiseModel.xcdatamodeld in Sources */ = {isa = PBXBuildFile; fileRef = 86B8EAE029E7F88900760EBF /* WeatherRiseModel.xcdatamodeld */; };
		86B8EAF229E9656900760EBF /* AlarmRowView.swift in Sources */ = {isa = PBXBuildFile; fileRef = 86B8EAF129E9656900760EBF /* AlarmRowView.swift */; };
		86B8EAF429E967A900760EBF /* AddAlarmView.swift in Sources */ = {isa = PBXBuildFile; fileRef = 86B8EAF329E967A900760EBF /* AddAlarmView.swift */; };
		86DF735829ED674F0001E3C0 /* DateFormatterExtensions.swift in Sources */ = {isa = PBXBuildFile; fileRef = 86DF735729ED674F0001E3C0 /* DateFormatterExtensions.swift */; };
		86DF735B29EE384E0001E3C0 /* AlarmEntity+CoreDataClass.swift in Sources */ = {isa = PBXBuildFile; fileRef = 86DF735929EE384E0001E3C0 /* AlarmEntity+CoreDataClass.swift */; };
		86DF735C29EE384E0001E3C0 /* AlarmEntity+CoreDataProperties.swift in Sources */ = {isa = PBXBuildFile; fileRef = 86DF735A29EE384E0001E3C0 /* AlarmEntity+CoreDataProperties.swift */; };
/* End PBXBuildFile section */

/* Begin PBXContainerItemProxy section */
		86B8EAB729E69FA800760EBF /* PBXContainerItemProxy */ = {
			isa = PBXContainerItemProxy;
			containerPortal = 86B8EA9D29E69FA600760EBF /* Project object */;
			proxyType = 1;
			remoteGlobalIDString = 86B8EAA429E69FA600760EBF;
			remoteInfo = WeatherRise;
		};
		86B8EAC129E69FA800760EBF /* PBXContainerItemProxy */ = {
			isa = PBXContainerItemProxy;
			containerPortal = 86B8EA9D29E69FA600760EBF /* Project object */;
			proxyType = 1;
			remoteGlobalIDString = 86B8EAA429E69FA600760EBF;
			remoteInfo = WeatherRise;
		};
/* End PBXContainerItemProxy section */

/* Begin PBXFileReference section */
		869E16CA29ECEC6A00E5AA97 /* AlarmObject.swift */ = {isa = PBXFileReference; lastKnownFileType = sourcecode.swift; path = AlarmObject.swift; sourceTree = "<group>"; };
		869E16CC29ED222800E5AA97 /* WeekdayHelper.swift */ = {isa = PBXFileReference; lastKnownFileType = sourcecode.swift; path = WeekdayHelper.swift; sourceTree = "<group>"; };
		869E16CE29ED286700E5AA97 /* WeekdayPickerView.swift */ = {isa = PBXFileReference; lastKnownFileType = sourcecode.swift; path = WeekdayPickerView.swift; sourceTree = "<group>"; };
		86B8EAA529E69FA600760EBF /* WeatherRise.app */ = {isa = PBXFileReference; explicitFileType = wrapper.application; includeInIndex = 0; path = WeatherRise.app; sourceTree = BUILT_PRODUCTS_DIR; };
		86B8EAA829E69FA600760EBF /* WeatherRiseApp.swift */ = {isa = PBXFileReference; lastKnownFileType = sourcecode.swift; path = WeatherRiseApp.swift; sourceTree = "<group>"; };
		86B8EAAA29E69FA600760EBF /* ContentView.swift */ = {isa = PBXFileReference; lastKnownFileType = sourcecode.swift; path = ContentView.swift; sourceTree = "<group>"; };
		86B8EAAC29E69FA800760EBF /* Assets.xcassets */ = {isa = PBXFileReference; lastKnownFileType = folder.assetcatalog; path = Assets.xcassets; sourceTree = "<group>"; };
		86B8EAAE29E69FA800760EBF /* WeatherRise.entitlements */ = {isa = PBXFileReference; lastKnownFileType = text.plist.entitlements; path = WeatherRise.entitlements; sourceTree = "<group>"; };
		86B8EAB029E69FA800760EBF /* Preview Assets.xcassets */ = {isa = PBXFileReference; lastKnownFileType = folder.assetcatalog; path = "Preview Assets.xcassets"; sourceTree = "<group>"; };
		86B8EAB629E69FA800760EBF /* WeatherRiseTests.xctest */ = {isa = PBXFileReference; explicitFileType = wrapper.cfbundle; includeInIndex = 0; path = WeatherRiseTests.xctest; sourceTree = BUILT_PRODUCTS_DIR; };
		86B8EABA29E69FA800760EBF /* WeatherRiseTests.swift */ = {isa = PBXFileReference; lastKnownFileType = sourcecode.swift; path = WeatherRiseTests.swift; sourceTree = "<group>"; };
		86B8EAC029E69FA800760EBF /* WeatherRiseUITests.xctest */ = {isa = PBXFileReference; explicitFileType = wrapper.cfbundle; includeInIndex = 0; path = WeatherRiseUITests.xctest; sourceTree = BUILT_PRODUCTS_DIR; };
		86B8EAC429E69FA800760EBF /* WeatherRiseUITests.swift */ = {isa = PBXFileReference; lastKnownFileType = sourcecode.swift; path = WeatherRiseUITests.swift; sourceTree = "<group>"; };
		86B8EAC629E69FA800760EBF /* WeatherRiseUITestsLaunchTests.swift */ = {isa = PBXFileReference; lastKnownFileType = sourcecode.swift; path = WeatherRiseUITestsLaunchTests.swift; sourceTree = "<group>"; };
		86B8EAD429E6ADFB00760EBF /* LocationManager.swift */ = {isa = PBXFileReference; lastKnownFileType = sourcecode.swift; path = LocationManager.swift; sourceTree = "<group>"; };
		86B8EAE129E7F88900760EBF /* WeatherRiseModel.xcdatamodel */ = {isa = PBXFileReference; lastKnownFileType = wrapper.xcdatamodel; path = WeatherRiseModel.xcdatamodel; sourceTree = "<group>"; };
		86B8EAF129E9656900760EBF /* AlarmRowView.swift */ = {isa = PBXFileReference; lastKnownFileType = sourcecode.swift; path = AlarmRowView.swift; sourceTree = "<group>"; };
		86B8EAF329E967A900760EBF /* AddAlarmView.swift */ = {isa = PBXFileReference; lastKnownFileType = sourcecode.swift; path = AddAlarmView.swift; sourceTree = "<group>"; };
		86DF735729ED674F0001E3C0 /* DateFormatterExtensions.swift */ = {isa = PBXFileReference; lastKnownFileType = sourcecode.swift; path = DateFormatterExtensions.swift; sourceTree = SOURCE_ROOT; };
		86DF735929EE384E0001E3C0 /* AlarmEntity+CoreDataClass.swift */ = {isa = PBXFileReference; lastKnownFileType = sourcecode.swift; path = "AlarmEntity+CoreDataClass.swift"; sourceTree = SOURCE_ROOT; };
		86DF735A29EE384E0001E3C0 /* AlarmEntity+CoreDataProperties.swift */ = {isa = PBXFileReference; lastKnownFileType = sourcecode.swift; path = "AlarmEntity+CoreDataProperties.swift"; sourceTree = SOURCE_ROOT; };
/* End PBXFileReference section */

/* Begin PBXFrameworksBuildPhase section */
		86B8EAA229E69FA600760EBF /* Frameworks */ = {
			isa = PBXFrameworksBuildPhase;
			buildActionMask = 2147483647;
			files = (
			);
			runOnlyForDeploymentPostprocessing = 0;
		};
		86B8EAB329E69FA800760EBF /* Frameworks */ = {
			isa = PBXFrameworksBuildPhase;
			buildActionMask = 2147483647;
			files = (
			);
			runOnlyForDeploymentPostprocessing = 0;
		};
		86B8EABD29E69FA800760EBF /* Frameworks */ = {
			isa = PBXFrameworksBuildPhase;
			buildActionMask = 2147483647;
			files = (
			);
			runOnlyForDeploymentPostprocessing = 0;
		};
/* End PBXFrameworksBuildPhase section */

/* Begin PBXGroup section */
		86B8EA9C29E69FA600760EBF = {
			isa = PBXGroup;
			children = (
				86B8EAA729E69FA600760EBF /* WeatherRise */,
				86B8EAB929E69FA800760EBF /* WeatherRiseTests */,
				86B8EAC329E69FA800760EBF /* WeatherRiseUITests */,
				86B8EAA629E69FA600760EBF /* Products */,
			);
			sourceTree = "<group>";
		};
		86B8EAA629E69FA600760EBF /* Products */ = {
			isa = PBXGroup;
			children = (
				86B8EAA529E69FA600760EBF /* WeatherRise.app */,
				86B8EAB629E69FA800760EBF /* WeatherRiseTests.xctest */,
				86B8EAC029E69FA800760EBF /* WeatherRiseUITests.xctest */,
			);
			name = Products;
			sourceTree = "<group>";
		};
		86B8EAA729E69FA600760EBF /* WeatherRise */ = {
			isa = PBXGroup;
			children = (
				86DF735929EE384E0001E3C0 /* AlarmEntity+CoreDataClass.swift */,
				86DF735A29EE384E0001E3C0 /* AlarmEntity+CoreDataProperties.swift */,
				86DF735729ED674F0001E3C0 /* DateFormatterExtensions.swift */,
				869E16CA29ECEC6A00E5AA97 /* AlarmObject.swift */,
				86B8EAD429E6ADFB00760EBF /* LocationManager.swift */,
				86B8EAA829E69FA600760EBF /* WeatherRiseApp.swift */,
				86B8EAAA29E69FA600760EBF /* ContentView.swift */,
				86B8EAAC29E69FA800760EBF /* Assets.xcassets */,
				86B8EAAE29E69FA800760EBF /* WeatherRise.entitlements */,
				86B8EAAF29E69FA800760EBF /* Preview Content */,
				86B8EAE029E7F88900760EBF /* WeatherRiseModel.xcdatamodeld */,
				86B8EAF129E9656900760EBF /* AlarmRowView.swift */,
				86B8EAF329E967A900760EBF /* AddAlarmView.swift */,
				869E16CC29ED222800E5AA97 /* WeekdayHelper.swift */,
				869E16CE29ED286700E5AA97 /* WeekdayPickerView.swift */,
			);
			path = WeatherRise;
			sourceTree = "<group>";
		};
		86B8EAAF29E69FA800760EBF /* Preview Content */ = {
			isa = PBXGroup;
			children = (
				86B8EAB029E69FA800760EBF /* Preview Assets.xcassets */,
			);
			path = "Preview Content";
			sourceTree = "<group>";
		};
		86B8EAB929E69FA800760EBF /* WeatherRiseTests */ = {
			isa = PBXGroup;
			children = (
				86B8EABA29E69FA800760EBF /* WeatherRiseTests.swift */,
			);
			path = WeatherRiseTests;
			sourceTree = "<group>";
		};
		86B8EAC329E69FA800760EBF /* WeatherRiseUITests */ = {
			isa = PBXGroup;
			children = (
				86B8EAC429E69FA800760EBF /* WeatherRiseUITests.swift */,
				86B8EAC629E69FA800760EBF /* WeatherRiseUITestsLaunchTests.swift */,
			);
			path = WeatherRiseUITests;
			sourceTree = "<group>";
		};
/* End PBXGroup section */

/* Begin PBXNativeTarget section */
		86B8EAA429E69FA600760EBF /* WeatherRise */ = {
			isa = PBXNativeTarget;
			buildConfigurationList = 86B8EACA29E69FA800760EBF /* Build configuration list for PBXNativeTarget "WeatherRise" */;
			buildPhases = (
				86B8EAA129E69FA600760EBF /* Sources */,
				86B8EAA229E69FA600760EBF /* Frameworks */,
				86B8EAA329E69FA600760EBF /* Resources */,
			);
			buildRules = (
			);
			dependencies = (
			);
			name = WeatherRise;
			productName = WeatherRise;
			productReference = 86B8EAA529E69FA600760EBF /* WeatherRise.app */;
			productType = "com.apple.product-type.application";
		};
		86B8EAB529E69FA800760EBF /* WeatherRiseTests */ = {
			isa = PBXNativeTarget;
			buildConfigurationList = 86B8EACD29E69FA800760EBF /* Build configuration list for PBXNativeTarget "WeatherRiseTests" */;
			buildPhases = (
				86B8EAB229E69FA800760EBF /* Sources */,
				86B8EAB329E69FA800760EBF /* Frameworks */,
				86B8EAB429E69FA800760EBF /* Resources */,
			);
			buildRules = (
			);
			dependencies = (
				86B8EAB829E69FA800760EBF /* PBXTargetDependency */,
			);
			name = WeatherRiseTests;
			productName = WeatherRiseTests;
			productReference = 86B8EAB629E69FA800760EBF /* WeatherRiseTests.xctest */;
			productType = "com.apple.product-type.bundle.unit-test";
		};
		86B8EABF29E69FA800760EBF /* WeatherRiseUITests */ = {
			isa = PBXNativeTarget;
			buildConfigurationList = 86B8EAD029E69FA800760EBF /* Build configuration list for PBXNativeTarget "WeatherRiseUITests" */;
			buildPhases = (
				86B8EABC29E69FA800760EBF /* Sources */,
				86B8EABD29E69FA800760EBF /* Frameworks */,
				86B8EABE29E69FA800760EBF /* Resources */,
			);
			buildRules = (
			);
			dependencies = (
				86B8EAC229E69FA800760EBF /* PBXTargetDependency */,
			);
			name = WeatherRiseUITests;
			productName = WeatherRiseUITests;
			productReference = 86B8EAC029E69FA800760EBF /* WeatherRiseUITests.xctest */;
			productType = "com.apple.product-type.bundle.ui-testing";
		};
/* End PBXNativeTarget section */

/* Begin PBXProject section */
		86B8EA9D29E69FA600760EBF /* Project object */ = {
			isa = PBXProject;
			attributes = {
				BuildIndependentTargetsInParallel = 1;
				LastSwiftUpdateCheck = 1430;
				LastUpgradeCheck = 1430;
				TargetAttributes = {
					86B8EAA429E69FA600760EBF = {
						CreatedOnToolsVersion = 14.3;
					};
					86B8EAB529E69FA800760EBF = {
						CreatedOnToolsVersion = 14.3;
						TestTargetID = 86B8EAA429E69FA600760EBF;
					};
					86B8EABF29E69FA800760EBF = {
						CreatedOnToolsVersion = 14.3;
						TestTargetID = 86B8EAA429E69FA600760EBF;
					};
				};
			};
			buildConfigurationList = 86B8EAA029E69FA600760EBF /* Build configuration list for PBXProject "WeatherRise" */;
			compatibilityVersion = "Xcode 14.0";
			developmentRegion = en;
			hasScannedForEncodings = 0;
			knownRegions = (
				en,
				Base,
			);
			mainGroup = 86B8EA9C29E69FA600760EBF;
			productRefGroup = 86B8EAA629E69FA600760EBF /* Products */;
			projectDirPath = "";
			projectRoot = "";
			targets = (
				86B8EAA429E69FA600760EBF /* WeatherRise */,
				86B8EAB529E69FA800760EBF /* WeatherRiseTests */,
				86B8EABF29E69FA800760EBF /* WeatherRiseUITests */,
			);
		};
/* End PBXProject section */

/* Begin PBXResourcesBuildPhase section */
		86B8EAA329E69FA600760EBF /* Resources */ = {
			isa = PBXResourcesBuildPhase;
			buildActionMask = 2147483647;
			files = (
				86B8EAB129E69FA800760EBF /* Preview Assets.xcassets in Resources */,
				86B8EAAD29E69FA800760EBF /* Assets.xcassets in Resources */,
			);
			runOnlyForDeploymentPostprocessing = 0;
		};
		86B8EAB429E69FA800760EBF /* Resources */ = {
			isa = PBXResourcesBuildPhase;
			buildActionMask = 2147483647;
			files = (
			);
			runOnlyForDeploymentPostprocessing = 0;
		};
		86B8EABE29E69FA800760EBF /* Resources */ = {
			isa = PBXResourcesBuildPhase;
			buildActionMask = 2147483647;
			files = (
			);
			runOnlyForDeploymentPostprocessing = 0;
		};
/* End PBXResourcesBuildPhase section */

/* Begin PBXSourcesBuildPhase section */
		86B8EAA129E69FA600760EBF /* Sources */ = {
			isa = PBXSourcesBuildPhase;
			buildActionMask = 2147483647;
			files = (
				869E16CB29ECEC6A00E5AA97 /* AlarmObject.swift in Sources */,
				86B8EAAB29E69FA600760EBF /* ContentView.swift in Sources */,
				86B8EAE229E7F88900760EBF /* WeatherRiseModel.xcdatamodeld in Sources */,
				869E16CF29ED286700E5AA97 /* WeekdayPickerView.swift in Sources */,
				869E16CD29ED222800E5AA97 /* WeekdayHelper.swift in Sources */,
				86DF735829ED674F0001E3C0 /* DateFormatterExtensions.swift in Sources */,
				86B8EAF429E967A900760EBF /* AddAlarmView.swift in Sources */,
				86B8EAF229E9656900760EBF /* AlarmRowView.swift in Sources */,
				86DF735C29EE384E0001E3C0 /* AlarmEntity+CoreDataProperties.swift in Sources */,
				86DF735B29EE384E0001E3C0 /* AlarmEntity+CoreDataClass.swift in Sources */,
				86B8EAA929E69FA600760EBF /* WeatherRiseApp.swift in Sources */,
				86B8EAD529E6ADFB00760EBF /* LocationManager.swift in Sources */,
			);
			runOnlyForDeploymentPostprocessing = 0;
		};
		86B8EAB229E69FA800760EBF /* Sources */ = {
			isa = PBXSourcesBuildPhase;
			buildActionMask = 2147483647;
			files = (
				86B8EABB29E69FA800760EBF /* WeatherRiseTests.swift in Sources */,
			);
			runOnlyForDeploymentPostprocessing = 0;
		};
		86B8EABC29E69FA800760EBF /* Sources */ = {
			isa = PBXSourcesBuildPhase;
			buildActionMask = 2147483647;
			files = (
				86B8EAC729E69FA800760EBF /* WeatherRiseUITestsLaunchTests.swift in Sources */,
				86B8EAC529E69FA800760EBF /* WeatherRiseUITests.swift in Sources */,
			);
			runOnlyForDeploymentPostprocessing = 0;
		};
/* End PBXSourcesBuildPhase section */

/* Begin PBXTargetDependency section */
		86B8EAB829E69FA800760EBF /* PBXTargetDependency */ = {
			isa = PBXTargetDependency;
			target = 86B8EAA429E69FA600760EBF /* WeatherRise */;
			targetProxy = 86B8EAB729E69FA800760EBF /* PBXContainerItemProxy */;
		};
		86B8EAC229E69FA800760EBF /* PBXTargetDependency */ = {
			isa = PBXTargetDependency;
			target = 86B8EAA429E69FA600760EBF /* WeatherRise */;
			targetProxy = 86B8EAC129E69FA800760EBF /* PBXContainerItemProxy */;
		};
/* End PBXTargetDependency section */

/* Begin XCBuildConfiguration section */
		86B8EAC829E69FA800760EBF /* Debug */ = {
			isa = XCBuildConfiguration;
			buildSettings = {
				ALWAYS_SEARCH_USER_PATHS = NO;
				CLANG_ANALYZER_NONNULL = YES;
				CLANG_ANALYZER_NUMBER_OBJECT_CONVERSION = YES_AGGRESSIVE;
				CLANG_CXX_LANGUAGE_STANDARD = "gnu++20";
				CLANG_ENABLE_MODULES = YES;
				CLANG_ENABLE_OBJC_ARC = YES;
				CLANG_ENABLE_OBJC_WEAK = YES;
				CLANG_WARN_BLOCK_CAPTURE_AUTORELEASING = YES;
				CLANG_WARN_BOOL_CONVERSION = YES;
				CLANG_WARN_COMMA = YES;
				CLANG_WARN_CONSTANT_CONVERSION = YES;
				CLANG_WARN_DEPRECATED_OBJC_IMPLEMENTATIONS = YES;
				CLANG_WARN_DIRECT_OBJC_ISA_USAGE = YES_ERROR;
				CLANG_WARN_DOCUMENTATION_COMMENTS = YES;
				CLANG_WARN_EMPTY_BODY = YES;
				CLANG_WARN_ENUM_CONVERSION = YES;
				CLANG_WARN_INFINITE_RECURSION = YES;
				CLANG_WARN_INT_CONVERSION = YES;
				CLANG_WARN_NON_LITERAL_NULL_CONVERSION = YES;
				CLANG_WARN_OBJC_IMPLICIT_RETAIN_SELF = YES;
				CLANG_WARN_OBJC_LITERAL_CONVERSION = YES;
				CLANG_WARN_OBJC_ROOT_CLASS = YES_ERROR;
				CLANG_WARN_QUOTED_INCLUDE_IN_FRAMEWORK_HEADER = YES;
				CLANG_WARN_RANGE_LOOP_ANALYSIS = YES;
				CLANG_WARN_STRICT_PROTOTYPES = YES;
				CLANG_WARN_SUSPICIOUS_MOVE = YES;
				CLANG_WARN_UNGUARDED_AVAILABILITY = YES_AGGRESSIVE;
				CLANG_WARN_UNREACHABLE_CODE = YES;
				CLANG_WARN__DUPLICATE_METHOD_MATCH = YES;
				COPY_PHASE_STRIP = NO;
				DEBUG_INFORMATION_FORMAT = dwarf;
				ENABLE_STRICT_OBJC_MSGSEND = YES;
				ENABLE_TESTABILITY = YES;
				GCC_C_LANGUAGE_STANDARD = gnu11;
				GCC_DYNAMIC_NO_PIC = NO;
				GCC_NO_COMMON_BLOCKS = YES;
				GCC_OPTIMIZATION_LEVEL = 0;
				GCC_PREPROCESSOR_DEFINITIONS = (
					"DEBUG=1",
					"$(inherited)",
				);
				GCC_WARN_64_TO_32_BIT_CONVERSION = YES;
				GCC_WARN_ABOUT_RETURN_TYPE = YES_ERROR;
				GCC_WARN_UNDECLARED_SELECTOR = YES;
				GCC_WARN_UNINITIALIZED_AUTOS = YES_AGGRESSIVE;
				GCC_WARN_UNUSED_FUNCTION = YES;
				GCC_WARN_UNUSED_VARIABLE = YES;
				MTL_ENABLE_DEBUG_INFO = INCLUDE_SOURCE;
				MTL_FAST_MATH = YES;
				ONLY_ACTIVE_ARCH = YES;
				SWIFT_ACTIVE_COMPILATION_CONDITIONS = DEBUG;
				SWIFT_OPTIMIZATION_LEVEL = "-Onone";
			};
			name = Debug;
		};
		86B8EAC929E69FA800760EBF /* Release */ = {
			isa = XCBuildConfiguration;
			buildSettings = {
				ALWAYS_SEARCH_USER_PATHS = NO;
				CLANG_ANALYZER_NONNULL = YES;
				CLANG_ANALYZER_NUMBER_OBJECT_CONVERSION = YES_AGGRESSIVE;
				CLANG_CXX_LANGUAGE_STANDARD = "gnu++20";
				CLANG_ENABLE_MODULES = YES;
				CLANG_ENABLE_OBJC_ARC = YES;
				CLANG_ENABLE_OBJC_WEAK = YES;
				CLANG_WARN_BLOCK_CAPTURE_AUTORELEASING = YES;
				CLANG_WARN_BOOL_CONVERSION = YES;
				CLANG_WARN_COMMA = YES;
				CLANG_WARN_CONSTANT_CONVERSION = YES;
				CLANG_WARN_DEPRECATED_OBJC_IMPLEMENTATIONS = YES;
				CLANG_WARN_DIRECT_OBJC_ISA_USAGE = YES_ERROR;
				CLANG_WARN_DOCUMENTATION_COMMENTS = YES;
				CLANG_WARN_EMPTY_BODY = YES;
				CLANG_WARN_ENUM_CONVERSION = YES;
				CLANG_WARN_INFINITE_RECURSION = YES;
				CLANG_WARN_INT_CONVERSION = YES;
				CLANG_WARN_NON_LITERAL_NULL_CONVERSION = YES;
				CLANG_WARN_OBJC_IMPLICIT_RETAIN_SELF = YES;
				CLANG_WARN_OBJC_LITERAL_CONVERSION = YES;
				CLANG_WARN_OBJC_ROOT_CLASS = YES_ERROR;
				CLANG_WARN_QUOTED_INCLUDE_IN_FRAMEWORK_HEADER = YES;
				CLANG_WARN_RANGE_LOOP_ANALYSIS = YES;
				CLANG_WARN_STRICT_PROTOTYPES = YES;
				CLANG_WARN_SUSPICIOUS_MOVE = YES;
				CLANG_WARN_UNGUARDED_AVAILABILITY = YES_AGGRESSIVE;
				CLANG_WARN_UNREACHABLE_CODE = YES;
				CLANG_WARN__DUPLICATE_METHOD_MATCH = YES;
				COPY_PHASE_STRIP = NO;
				DEBUG_INFORMATION_FORMAT = "dwarf-with-dsym";
				ENABLE_NS_ASSERTIONS = NO;
				ENABLE_STRICT_OBJC_MSGSEND = YES;
				GCC_C_LANGUAGE_STANDARD = gnu11;
				GCC_NO_COMMON_BLOCKS = YES;
				GCC_WARN_64_TO_32_BIT_CONVERSION = YES;
				GCC_WARN_ABOUT_RETURN_TYPE = YES_ERROR;
				GCC_WARN_UNDECLARED_SELECTOR = YES;
				GCC_WARN_UNINITIALIZED_AUTOS = YES_AGGRESSIVE;
				GCC_WARN_UNUSED_FUNCTION = YES;
				GCC_WARN_UNUSED_VARIABLE = YES;
				MTL_ENABLE_DEBUG_INFO = NO;
				MTL_FAST_MATH = YES;
				SWIFT_COMPILATION_MODE = wholemodule;
				SWIFT_OPTIMIZATION_LEVEL = "-O";
			};
			name = Release;
		};
		86B8EACB29E69FA800760EBF /* Debug */ = {
			isa = XCBuildConfiguration;
			buildSettings = {
				ASSETCATALOG_COMPILER_APPICON_NAME = AppIcon;
				ASSETCATALOG_COMPILER_GLOBAL_ACCENT_COLOR_NAME = AccentColor;
				CODE_SIGN_ENTITLEMENTS = WeatherRise/WeatherRise.entitlements;
				CODE_SIGN_STYLE = Automatic;
				CURRENT_PROJECT_VERSION = 1;
				DEVELOPMENT_ASSET_PATHS = "\"WeatherRise/Preview Content\"";
				DEVELOPMENT_TEAM = 852M25UWC9;
				ENABLE_HARDENED_RUNTIME = YES;
				ENABLE_PREVIEWS = YES;
				GENERATE_INFOPLIST_FILE = YES;
				"INFOPLIST_KEY_UIApplicationSceneManifest_Generation[sdk=iphoneos*]" = YES;
				"INFOPLIST_KEY_UIApplicationSceneManifest_Generation[sdk=iphonesimulator*]" = YES;
				"INFOPLIST_KEY_UIApplicationSupportsIndirectInputEvents[sdk=iphoneos*]" = YES;
				"INFOPLIST_KEY_UIApplicationSupportsIndirectInputEvents[sdk=iphonesimulator*]" = YES;
				"INFOPLIST_KEY_UILaunchScreen_Generation[sdk=iphoneos*]" = YES;
				"INFOPLIST_KEY_UILaunchScreen_Generation[sdk=iphonesimulator*]" = YES;
				"INFOPLIST_KEY_UIStatusBarStyle[sdk=iphoneos*]" = UIStatusBarStyleDefault;
				"INFOPLIST_KEY_UIStatusBarStyle[sdk=iphonesimulator*]" = UIStatusBarStyleDefault;
				INFOPLIST_KEY_UISupportedInterfaceOrientations_iPad = "UIInterfaceOrientationPortrait UIInterfaceOrientationPortraitUpsideDown UIInterfaceOrientationLandscapeLeft UIInterfaceOrientationLandscapeRight";
				INFOPLIST_KEY_UISupportedInterfaceOrientations_iPhone = "UIInterfaceOrientationPortrait UIInterfaceOrientationLandscapeLeft UIInterfaceOrientationLandscapeRight";
				IPHONEOS_DEPLOYMENT_TARGET = 14.0;
				LD_RUNPATH_SEARCH_PATHS = "@executable_path/Frameworks";
				"LD_RUNPATH_SEARCH_PATHS[sdk=macosx*]" = "@executable_path/../Frameworks";
				MACOSX_DEPLOYMENT_TARGET = 12.0;
				MARKETING_VERSION = 1.0;
				PRODUCT_BUNDLE_IDENTIFIER = ChaseZhao.WeatherRise;
				PRODUCT_NAME = "$(TARGET_NAME)";
				SDKROOT = auto;
				SUPPORTED_PLATFORMS = "iphoneos iphonesimulator macosx";
				SWIFT_EMIT_LOC_STRINGS = YES;
				SWIFT_VERSION = 5.0;
				TARGETED_DEVICE_FAMILY = "1,2";
			};
			name = Debug;
		};
		86B8EACC29E69FA800760EBF /* Release */ = {
			isa = XCBuildConfiguration;
			buildSettings = {
				ASSETCATALOG_COMPILER_APPICON_NAME = AppIcon;
				ASSETCATALOG_COMPILER_GLOBAL_ACCENT_COLOR_NAME = AccentColor;
				CODE_SIGN_ENTITLEMENTS = WeatherRise/WeatherRise.entitlements;
				CODE_SIGN_STYLE = Automatic;
				CURRENT_PROJECT_VERSION = 1;
				DEVELOPMENT_ASSET_PATHS = "\"WeatherRise/Preview Content\"";
				DEVELOPMENT_TEAM = 852M25UWC9;
				ENABLE_HARDENED_RUNTIME = YES;
				ENABLE_PREVIEWS = YES;
				GENERATE_INFOPLIST_FILE = YES;
				"INFOPLIST_KEY_UIApplicationSceneManifest_Generation[sdk=iphoneos*]" = YES;
				"INFOPLIST_KEY_UIApplicationSceneManifest_Generation[sdk=iphonesimulator*]" = YES;
				"INFOPLIST_KEY_UIApplicationSupportsIndirectInputEvents[sdk=iphoneos*]" = YES;
				"INFOPLIST_KEY_UIApplicationSupportsIndirectInputEvents[sdk=iphonesimulator*]" = YES;
				"INFOPLIST_KEY_UILaunchScreen_Generation[sdk=iphoneos*]" = YES;
				"INFOPLIST_KEY_UILaunchScreen_Generation[sdk=iphonesimulator*]" = YES;
				"INFOPLIST_KEY_UIStatusBarStyle[sdk=iphoneos*]" = UIStatusBarStyleDefault;
				"INFOPLIST_KEY_UIStatusBarStyle[sdk=iphonesimulator*]" = UIStatusBarStyleDefault;
				INFOPLIST_KEY_UISupportedInterfaceOrientations_iPad = "UIInterfaceOrientationPortrait UIInterfaceOrientationPortraitUpsideDown UIInterfaceOrientationLandscapeLeft UIInterfaceOrientationLandscapeRight";
				INFOPLIST_KEY_UISupportedInterfaceOrientations_iPhone = "UIInterfaceOrientationPortrait UIInterfaceOrientationLandscapeLeft UIInterfaceOrientationLandscapeRight";
				IPHONEOS_DEPLOYMENT_TARGET = 14.0;
				LD_RUNPATH_SEARCH_PATHS = "@executable_path/Frameworks";
				"LD_RUNPATH_SEARCH_PATHS[sdk=macosx*]" = "@executable_path/../Frameworks";
				MACOSX_DEPLOYMENT_TARGET = 12.0;
				MARKETING_VERSION = 1.0;
				PRODUCT_BUNDLE_IDENTIFIER = ChaseZhao.WeatherRise;
				PRODUCT_NAME = "$(TARGET_NAME)";
				SDKROOT = auto;
				SUPPORTED_PLATFORMS = "iphoneos iphonesimulator macosx";
				SWIFT_EMIT_LOC_STRINGS = YES;
				SWIFT_VERSION = 5.0;
				TARGETED_DEVICE_FAMILY = "1,2";
			};
			name = Release;
		};
		86B8EACE29E69FA800760EBF /* Debug */ = {
			isa = XCBuildConfiguration;
			buildSettings = {
				ALWAYS_EMBED_SWIFT_STANDARD_LIBRARIES = YES;
				BUNDLE_LOADER = "$(TEST_HOST)";
				CODE_SIGN_STYLE = Automatic;
				CURRENT_PROJECT_VERSION = 1;
				DEVELOPMENT_TEAM = 852M25UWC9;
				GENERATE_INFOPLIST_FILE = YES;
				IPHONEOS_DEPLOYMENT_TARGET = 16.4;
				MACOSX_DEPLOYMENT_TARGET = 13.1;
				MARKETING_VERSION = 1.0;
				PRODUCT_BUNDLE_IDENTIFIER = ChaseZhao.WeatherRiseTests;
				PRODUCT_NAME = "$(TARGET_NAME)";
				SDKROOT = auto;
				SUPPORTED_PLATFORMS = "iphoneos iphonesimulator macosx";
				SWIFT_EMIT_LOC_STRINGS = NO;
				SWIFT_VERSION = 5.0;
				TARGETED_DEVICE_FAMILY = "1,2";
				TEST_HOST = "$(BUILT_PRODUCTS_DIR)/WeatherRise.app/$(BUNDLE_EXECUTABLE_FOLDER_PATH)/WeatherRise";
			};
			name = Debug;
		};
		86B8EACF29E69FA800760EBF /* Release */ = {
			isa = XCBuildConfiguration;
			buildSettings = {
				ALWAYS_EMBED_SWIFT_STANDARD_LIBRARIES = YES;
				BUNDLE_LOADER = "$(TEST_HOST)";
				CODE_SIGN_STYLE = Automatic;
				CURRENT_PROJECT_VERSION = 1;
				DEVELOPMENT_TEAM = 852M25UWC9;
				GENERATE_INFOPLIST_FILE = YES;
				IPHONEOS_DEPLOYMENT_TARGET = 16.4;
				MACOSX_DEPLOYMENT_TARGET = 13.1;
				MARKETING_VERSION = 1.0;
				PRODUCT_BUNDLE_IDENTIFIER = ChaseZhao.WeatherRiseTests;
				PRODUCT_NAME = "$(TARGET_NAME)";
				SDKROOT = auto;
				SUPPORTED_PLATFORMS = "iphoneos iphonesimulator macosx";
				SWIFT_EMIT_LOC_STRINGS = NO;
				SWIFT_VERSION = 5.0;
				TARGETED_DEVICE_FAMILY = "1,2";
				TEST_HOST = "$(BUILT_PRODUCTS_DIR)/WeatherRise.app/$(BUNDLE_EXECUTABLE_FOLDER_PATH)/WeatherRise";
			};
			name = Release;
		};
		86B8EAD129E69FA800760EBF /* Debug */ = {
			isa = XCBuildConfiguration;
			buildSettings = {
				ALWAYS_EMBED_SWIFT_STANDARD_LIBRARIES = YES;
				CODE_SIGN_STYLE = Automatic;
				CURRENT_PROJECT_VERSION = 1;
				DEVELOPMENT_TEAM = 852M25UWC9;
				GENERATE_INFOPLIST_FILE = YES;
				IPHONEOS_DEPLOYMENT_TARGET = 16.4;
				MACOSX_DEPLOYMENT_TARGET = 13.1;
				MARKETING_VERSION = 1.0;
				PRODUCT_BUNDLE_IDENTIFIER = ChaseZhao.WeatherRiseUITests;
				PRODUCT_NAME = "$(TARGET_NAME)";
				SDKROOT = auto;
				SUPPORTED_PLATFORMS = "iphoneos iphonesimulator macosx";
				SWIFT_EMIT_LOC_STRINGS = NO;
				SWIFT_VERSION = 5.0;
				TARGETED_DEVICE_FAMILY = "1,2";
				TEST_TARGET_NAME = WeatherRise;
			};
			name = Debug;
		};
		86B8EAD229E69FA800760EBF /* Release */ = {
			isa = XCBuildConfiguration;
			buildSettings = {
				ALWAYS_EMBED_SWIFT_STANDARD_LIBRARIES = YES;
				CODE_SIGN_STYLE = Automatic;
				CURRENT_PROJECT_VERSION = 1;
				DEVELOPMENT_TEAM = 852M25UWC9;
				GENERATE_INFOPLIST_FILE = YES;
				IPHONEOS_DEPLOYMENT_TARGET = 16.4;
				MACOSX_DEPLOYMENT_TARGET = 13.1;
				MARKETING_VERSION = 1.0;
				PRODUCT_BUNDLE_IDENTIFIER = ChaseZhao.WeatherRiseUITests;
				PRODUCT_NAME = "$(TARGET_NAME)";
				SDKROOT = auto;
				SUPPORTED_PLATFORMS = "iphoneos iphonesimulator macosx";
				SWIFT_EMIT_LOC_STRINGS = NO;
				SWIFT_VERSION = 5.0;
				TARGETED_DEVICE_FAMILY = "1,2";
				TEST_TARGET_NAME = WeatherRise;
			};
			name = Release;
		};
/* End XCBuildConfiguration section */

/* Begin XCConfigurationList section */
		86B8EAA029E69FA600760EBF /* Build configuration list for PBXProject "WeatherRise" */ = {
			isa = XCConfigurationList;
			buildConfigurations = (
				86B8EAC829E69FA800760EBF /* Debug */,
				86B8EAC929E69FA800760EBF /* Release */,
			);
			defaultConfigurationIsVisible = 0;
			defaultConfigurationName = Release;
		};
		86B8EACA29E69FA800760EBF /* Build configuration list for PBXNativeTarget "WeatherRise" */ = {
			isa = XCConfigurationList;
			buildConfigurations = (
				86B8EACB29E69FA800760EBF /* Debug */,
				86B8EACC29E69FA800760EBF /* Release */,
			);
			defaultConfigurationIsVisible = 0;
			defaultConfigurationName = Release;
		};
		86B8EACD29E69FA800760EBF /* Build configuration list for PBXNativeTarget "WeatherRiseTests" */ = {
			isa = XCConfigurationList;
			buildConfigurations = (
				86B8EACE29E69FA800760EBF /* Debug */,
				86B8EACF29E69FA800760EBF /* Release */,
			);
			defaultConfigurationIsVisible = 0;
			defaultConfigurationName = Release;
		};
		86B8EAD029E69FA800760EBF /* Build configuration list for PBXNativeTarget "WeatherRiseUITests" */ = {
			isa = XCConfigurationList;
			buildConfigurations = (
				86B8EAD129E69FA800760EBF /* Debug */,
				86B8EAD229E69FA800760EBF /* Release */,
			);
			defaultConfigurationIsVisible = 0;
			defaultConfigurationName = Release;
		};
/* End XCConfigurationList section */

/* Begin XCVersionGroup section */
		86B8EAE029E7F88900760EBF /* WeatherRiseModel.xcdatamodeld */ = {
			isa = XCVersionGroup;
			children = (
				86B8EAE129E7F88900760EBF /* WeatherRiseModel.xcdatamodel */,
			);
			currentVersion = 86B8EAE129E7F88900760EBF /* WeatherRiseModel.xcdatamodel */;
			path = WeatherRiseModel.xcdatamodeld;
			sourceTree = "<group>";
			versionGroupType = wrapper.xcdatamodel;
		};
/* End XCVersionGroup section */
	};
	rootObject = 86B8EA9D29E69FA600760EBF /* Project object */;
}
